{
  "name": "@yodogawa404/create-print-assets",
  "version": "1.0.2",
  "lockfileVersion": 3,
  "requires": true,
  "packages": {
    "": {
      "name": "@yodogawa404/create-print-assets",
      "version": "1.0.2",
      "license": "MIT",
      "bin": {
        "create-print-assets": "src/index.js"
      }
    }
  }
}
